
Microsoft Visual Studio Solution File, Format Version 12.00
# Visual Studio 2013
VisualStudioVersion = 12.0.31101.0
MinimumVisualStudioVersion = 10.0.40219.1
Project("{FAE04EC0-301F-11D3-BF4B-00C04F79EFBC}") = "WPF_SangJin", "WPF_SangJin\WPF_SangJin.csproj", "{D86BD887-B33F-4D1D-9093-86D0CA5177EF}"
EndProject
Global
	GlobalSection(SolutionConfigurationPlatforms) = preSolution
		Debug|Any CPU = Debug|Any CPU
		Release|Any CPU = Release|Any CPU
	EndGlobalSection
	GlobalSection(ProjectConfigurationPlatforms) = postSolution
		{D86BD887-B33F-4D1D-9093-86D0CA5177EF}.Debug|Any CPU.ActiveCfg = Debug|Any CPU
		{D86BD887-B33F-4D1D-9093-86D0CA5177EF}.Debug|Any CPU.Build.0 = Debug|Any CPU
		{D86BD887-B33F-4D1D-9093-86D0CA5177EF}.Release|Any CPU.ActiveCfg = Release|Any CPU
		{D86BD887-B33F-4D1D-9093-86D0CA5177EF}.Release|Any CPU.Build.0 = Release|Any CPU
	EndGlobalSection
	GlobalSection(SolutionProperties) = preSolution
		HideSolutionNode = FALSE
	EndGlobalSection
EndGlobal
